// !$*UTF8*$!
{
	archiveVersion = 1;
	classes = {
	};
	objectVersion = 50;
	objects = {

/* Begin PBXBuildFile section */
		3D5A898923C94CB10043DC3A /* AppDelegate.swift in Sources */ = {isa = PBXBuildFile; fileRef = 3D5A898823C94CB10043DC3A /* AppDelegate.swift */; };
		3D5A898B23C94CB10043DC3A /* SceneDelegate.swift in Sources */ = {isa = PBXBuildFile; fileRef = 3D5A898A23C94CB10043DC3A /* SceneDelegate.swift */; };
		3D5A898D23C94CB10043DC3A /* TodoListViewController.swift in Sources */ = {isa = PBXBuildFile; fileRef = 3D5A898C23C94CB10043DC3A /* TodoListViewController.swift */; };
		3D5A899023C94CB10043DC3A /* Main.storyboard in Resources */ = {isa = PBXBuildFile; fileRef = 3D5A898E23C94CB10043DC3A /* Main.storyboard */; };
		3D5A899223C94CB30043DC3A /* Assets.xcassets in Resources */ = {isa = PBXBuildFile; fileRef = 3D5A899123C94CB30043DC3A /* Assets.xcassets */; };
		3D5A899523C94CB30043DC3A /* LaunchScreen.storyboard in Resources */ = {isa = PBXBuildFile; fileRef = 3D5A899323C94CB30043DC3A /* LaunchScreen.storyboard */; };
		3D5A89A023C94CB30043DC3A /* TodoeyTests.swift in Sources */ = {isa = PBXBuildFile; fileRef = 3D5A899F23C94CB30043DC3A /* TodoeyTests.swift */; };
		3D5A89AB23C94CB30043DC3A /* TodoeyUITests.swift in Sources */ = {isa = PBXBuildFile; fileRef = 3D5A89AA23C94CB30043DC3A /* TodoeyUITests.swift */; };
/* End PBXBuildFile section */

/* Begin PBXContainerItemProxy section */
		3D5A899C23C94CB30043DC3A /* PBXContainerItemProxy */ = {
			isa = PBXContainerItemProxy;
			containerPortal = 3D5A897D23C94CB10043DC3A /* Project object */;
			proxyType = 1;
			remoteGlobalIDString = 3D5A898423C94CB10043DC3A;
			remoteInfo = Todoey;
		};
		3D5A89A723C94CB30043DC3A /* PBXContainerItemProxy */ = {
			isa = PBXContainerItemProxy;
			containerPortal = 3D5A897D23C94CB10043DC3A /* Project object */;
			proxyType = 1;
			remoteGlobalIDString = 3D5A898423C94CB10043DC3A;
			remoteInfo = Todoey;
		};
/* End PBXContainerItemProxy section */

/* Begin PBXFileReference section */
		3D5A898523C94CB10043DC3A /* Todoey.app */ = {isa = PBXFileReference; explicitFileType = wrapper.application; includeInIndex = 0; path = Todoey.app; sourceTree = BUILT_PRODUCTS_DIR; };
		3D5A898823C94CB10043DC3A /* AppDelegate.swift */ = {isa = PBXFileReference; lastKnownFileType = sourcecode.swift; path = AppDelegate.swift; sourceTree = "<group>"; };
		3D5A898A23C94CB10043DC3A /* SceneDelegate.swift */ = {isa = PBXFileReference; lastKnownFileType = sourcecode.swift; path = SceneDelegate.swift; sourceTree = "<group>"; };
		3D5A898C23C94CB10043DC3A /* TodoListViewController.swift */ = {isa = PBXFileReference; lastKnownFileType = sourcecode.swift; path = TodoListViewController.swift; sourceTree = "<group>"; };
		3D5A898F23C94CB10043DC3A /* Base */ = {isa = PBXFileReference; lastKnownFileType = file.storyboard; name = Base; path = Base.lproj/Main.storyboard; sourceTree = "<group>"; };
		3D5A899123C94CB30043DC3A /* Assets.xcassets */ = {isa = PBXFileReference; lastKnownFileType = folder.assetcatalog; path = Assets.xcassets; sourceTree = "<group>"; };
		3D5A899423C94CB30043DC3A /* Base */ = {isa = PBXFileReference; lastKnownFileType = file.storyboard; name = Base; path = Base.lproj/LaunchScreen.storyboard; sourceTree = "<group>"; };
		3D5A899623C94CB30043DC3A /* Info.plist */ = {isa = PBXFileReference; lastKnownFileType = text.plist.xml; path = Info.plist; sourceTree = "<group>"; };
		3D5A899B23C94CB30043DC3A /* TodoeyTests.xctest */ = {isa = PBXFileReference; explicitFileType = wrapper.cfbundle; includeInIndex = 0; path = TodoeyTests.xctest; sourceTree = BUILT_PRODUCTS_DIR; };
		3D5A899F23C94CB30043DC3A /* TodoeyTests.swift */ = {isa = PBXFileReference; lastKnownFileType = sourcecode.swift; path = TodoeyTests.swift; sourceTree = "<group>"; };
		3D5A89A123C94CB30043DC3A /* Info.plist */ = {isa = PBXFileReference; lastKnownFileType = text.plist.xml; path = Info.plist; sourceTree = "<group>"; };
		3D5A89A623C94CB30043DC3A /* TodoeyUITests.xctest */ = {isa = PBXFileReference; explicitFileType = wrapper.cfbundle; includeInIndex = 0; path = TodoeyUITests.xctest; sourceTree = BUILT_PRODUCTS_DIR; };
		3D5A89AA23C94CB30043DC3A /* TodoeyUITests.swift */ = {isa = PBXFileReference; lastKnownFileType = sourcecode.swift; path = TodoeyUITests.swift; sourceTree = "<group>"; };
		3D5A89AC23C94CB30043DC3A /* Info.plist */ = {isa = PBXFileReference; lastKnownFileType = text.plist.xml; path = Info.plist; sourceTree = "<group>"; };
/* End PBXFileReference section */

/* Begin PBXFrameworksBuildPhase section */
		3D5A898223C94CB10043DC3A /* Frameworks */ = {
			isa = PBXFrameworksBuildPhase;
			buildActionMask = 2147483647;
			files = (
			);
			runOnlyForDeploymentPostprocessing = 0;
		};
		3D5A899823C94CB30043DC3A /* Frameworks */ = {
			isa = PBXFrameworksBuildPhase;
			buildActionMask = 2147483647;
			files = (
			);
			runOnlyForDeploymentPostprocessing = 0;
		};
		3D5A89A323C94CB30043DC3A /* Frameworks */ = {
			isa = PBXFrameworksBuildPhase;
			buildActionMask = 2147483647;
			files = (
			);
			runOnlyForDeploymentPostprocessing = 0;
		};
/* End PBXFrameworksBuildPhase section */

/* Begin PBXGroup section */
		3D5A897C23C94CB10043DC3A = {
			isa = PBXGroup;
			children = (
				3D5A898723C94CB10043DC3A /* Todoey */,
				3D5A899E23C94CB30043DC3A /* TodoeyTests */,
				3D5A89A923C94CB30043DC3A /* TodoeyUITests */,
				3D5A898623C94CB10043DC3A /* Products */,
			);
			sourceTree = "<group>";
		};
		3D5A898623C94CB10043DC3A /* Products */ = {
			isa = PBXGroup;
			children = (
				3D5A898523C94CB10043DC3A /* Todoey.app */,
				3D5A899B23C94CB30043DC3A /* TodoeyTests.xctest */,
				3D5A89A623C94CB30043DC3A /* TodoeyUITests.xctest */,
			);
			name = Products;
			sourceTree = "<group>";
		};
		3D5A898723C94CB10043DC3A /* Todoey */ = {
			isa = PBXGroup;
			children = (
				3D5A898823C94CB10043DC3A /* AppDelegate.swift */,
				3D5A898A23C94CB10043DC3A /* SceneDelegate.swift */,
				3D5A898C23C94CB10043DC3A /* TodoListViewController.swift */,
				3D5A898E23C94CB10043DC3A /* Main.storyboard */,
				3D5A899123C94CB30043DC3A /* Assets.xcassets */,
				3D5A899323C94CB30043DC3A /* LaunchScreen.storyboard */,
				3D5A899623C94CB30043DC3A /* Info.plist */,
			);
			path = Todoey;
			sourceTree = "<group>";
		};
		3D5A899E23C94CB30043DC3A /* TodoeyTests */ = {
			isa = PBXGroup;
			children = (
				3D5A899F23C94CB30043DC3A /* TodoeyTests.swift */,
				3D5A89A123C94CB30043DC3A /* Info.plist */,
			);
			path = TodoeyTests;
			sourceTree = "<group>";
		};
		3D5A89A923C94CB30043DC3A /* TodoeyUITests */ = {
			isa = PBXGroup;
			children = (
				3D5A89AA23C94CB30043DC3A /* TodoeyUITests.swift */,
				3D5A89AC23C94CB30043DC3A /* Info.plist */,
			);
			path = TodoeyUITests;
			sourceTree = "<group>";
		};
/* End PBXGroup section */

/* Begin PBXNativeTarget section */
		3D5A898423C94CB10043DC3A /* Todoey */ = {
			isa = PBXNativeTarget;
			buildConfigurationList = 3D5A89AF23C94CB30043DC3A /* Build configuration list for PBXNativeTarget "Todoey" */;
			buildPhases = (
				3D5A898123C94CB10043DC3A /* Sources */,
				3D5A898223C94CB10043DC3A /* Frameworks */,
				3D5A898323C94CB10043DC3A /* Resources */,
			);
			buildRules = (
			);
			dependencies = (
			);
			name = Todoey;
			productName = Todoey;
			productReference = 3D5A898523C94CB10043DC3A /* Todoey.app */;
			productType = "com.apple.product-type.application";
		};
		3D5A899A23C94CB30043DC3A /* TodoeyTests */ = {
			isa = PBXNativeTarget;
			buildConfigurationList = 3D5A89B223C94CB30043DC3A /* Build configuration list for PBXNativeTarget "TodoeyTests" */;
			buildPhases = (
				3D5A899723C94CB30043DC3A /* Sources */,
				3D5A899823C94CB30043DC3A /* Frameworks */,
				3D5A899923C94CB30043DC3A /* Resources */,
			);
			buildRules = (
			);
			dependencies = (
				3D5A899D23C94CB30043DC3A /* PBXTargetDependency */,
			);
			name = TodoeyTests;
			productName = TodoeyTests;
			productReference = 3D5A899B23C94CB30043DC3A /* TodoeyTests.xctest */;
			productType = "com.apple.product-type.bundle.unit-test";
		};
		3D5A89A523C94CB30043DC3A /* TodoeyUITests */ = {
			isa = PBXNativeTarget;
			buildConfigurationList = 3D5A89B523C94CB30043DC3A /* Build configuration list for PBXNativeTarget "TodoeyUITests" */;
			buildPhases = (
				3D5A89A223C94CB30043DC3A /* Sources */,
				3D5A89A323C94CB30043DC3A /* Frameworks */,
				3D5A89A423C94CB30043DC3A /* Resources */,
			);
			buildRules = (
			);
			dependencies = (
				3D5A89A823C94CB30043DC3A /* PBXTargetDependency */,
			);
			name = TodoeyUITests;
			productName = TodoeyUITests;
			productReference = 3D5A89A623C94CB30043DC3A /* TodoeyUITests.xctest */;
			productType = "com.apple.product-type.bundle.ui-testing";
		};
/* End PBXNativeTarget section */

/* Begin PBXProject section */
		3D5A897D23C94CB10043DC3A /* Project object */ = {
			isa = PBXProject;
			attributes = {
				LastSwiftUpdateCheck = 1100;
				LastUpgradeCheck = 1100;
				ORGANIZATIONNAME = "Nurudeen Ajayi";
				TargetAttributes = {
					3D5A898423C94CB10043DC3A = {
						CreatedOnToolsVersion = 11.0;
					};
					3D5A899A23C94CB30043DC3A = {
						CreatedOnToolsVersion = 11.0;
						TestTargetID = 3D5A898423C94CB10043DC3A;
					};
					3D5A89A523C94CB30043DC3A = {
						CreatedOnToolsVersion = 11.0;
						TestTargetID = 3D5A898423C94CB10043DC3A;
					};
				};
			};
			buildConfigurationList = 3D5A898023C94CB10043DC3A /* Build configuration list for PBXProject "Todoey" */;
			compatibilityVersion = "Xcode 9.3";
			developmentRegion = en;
			hasScannedForEncodings = 0;
			knownRegions = (
				en,
				Base,
			);
			mainGroup = 3D5A897C23C94CB10043DC3A;
			productRefGroup = 3D5A898623C94CB10043DC3A /* Products */;
			projectDirPath = "";
			projectRoot = "";
			targets = (
				3D5A898423C94CB10043DC3A /* Todoey */,
				3D5A899A23C94CB30043DC3A /* TodoeyTests */,
				3D5A89A523C94CB30043DC3A /* TodoeyUITests */,
			);
		};
/* End PBXProject section */

/* Begin PBXResourcesBuildPhase section */
		3D5A898323C94CB10043DC3A /* Resources */ = {
			isa = PBXResourcesBuildPhase;
			buildActionMask = 2147483647;
			files = (
				3D5A899523C94CB30043DC3A /* LaunchScreen.storyboard in Resources */,
				3D5A899223C94CB30043DC3A /* Assets.xcassets in Resources */,
				3D5A899023C94CB10043DC3A /* Main.storyboard in Resources */,
			);
			runOnlyForDeploymentPostprocessing = 0;
		};
		3D5A899923C94CB30043DC3A /* Resources */ = {
			isa = PBXResourcesBuildPhase;
			buildActionMask = 2147483647;
			files = (
			);
			runOnlyForDeploymentPostprocessing = 0;
		};
		3D5A89A423C94CB30043DC3A /* Resources */ = {
			isa = PBXResourcesBuildPhase;
			buildActionMask = 2147483647;
			files = (
			);
			runOnlyForDeploymentPostprocessing = 0;
		};
/* End PBXResourcesBuildPhase section */

/* Begin PBXSourcesBuildPhase section */
		3D5A898123C94CB10043DC3A /* Sources */ = {
			isa = PBXSourcesBuildPhase;
			buildActionMask = 2147483647;
			files = (
				3D5A898D23C94CB10043DC3A /* TodoListViewController.swift in Sources */,
				3D5A898923C94CB10043DC3A /* AppDelegate.swift in Sources */,
				3D5A898B23C94CB10043DC3A /* SceneDelegate.swift in Sources */,
			);
			runOnlyForDeploymentPostprocessing = 0;
		};
		3D5A899723C94CB30043DC3A /* Sources */ = {
			isa = PBXSourcesBuildPhase;
			buildActionMask = 2147483647;
			files = (
				3D5A89A023C94CB30043DC3A /* TodoeyTests.swift in Sources */,
			);
			runOnlyForDeploymentPostprocessing = 0;
		};
		3D5A89A223C94CB30043DC3A /* Sources */ = {
			isa = PBXSourcesBuildPhase;
			buildActionMask = 2147483647;
			files = (
				3D5A89AB23C94CB30043DC3A /* TodoeyUITests.swift in Sources */,
			);
			runOnlyForDeploymentPostprocessing = 0;
		};
/* End PBXSourcesBuildPhase section */

/* Begin PBXTargetDependency section */
		3D5A899D23C94CB30043DC3A /* PBXTargetDependency */ = {
			isa = PBXTargetDependency;
			target = 3D5A898423C94CB10043DC3A /* Todoey */;
			targetProxy = 3D5A899C23C94CB30043DC3A /* PBXContainerItemProxy */;
		};
		3D5A89A823C94CB30043DC3A /* PBXTargetDependency */ = {
			isa = PBXTargetDependency;
			target = 3D5A898423C94CB10043DC3A /* Todoey */;
			targetProxy = 3D5A89A723C94CB30043DC3A /* PBXContainerItemProxy */;
		};
/* End PBXTargetDependency section */

/* Begin PBXVariantGroup section */
		3D5A898E23C94CB10043DC3A /* Main.storyboard */ = {
			isa = PBXVariantGroup;
			children = (
				3D5A898F23C94CB10043DC3A /* Base */,
			);
			name = Main.storyboard;
			sourceTree = "<group>";
		};
		3D5A899323C94CB30043DC3A /* LaunchScreen.storyboard */ = {
			isa = PBXVariantGroup;
			children = (
				3D5A899423C94CB30043DC3A /* Base */,
			);
			name = LaunchScreen.storyboard;
			sourceTree = "<group>";
		};
/* End PBXVariantGroup section */

/* Begin XCBuildConfiguration section */
		3D5A89AD23C94CB30043DC3A /* Debug */ = {
			isa = XCBuildConfiguration;
			buildSettings = {
				ALWAYS_SEARCH_USER_PATHS = NO;
				CLANG_ANALYZER_NONNULL = YES;
				CLANG_ANALYZER_NUMBER_OBJECT_CONVERSION = YES_AGGRESSIVE;
				CLANG_CXX_LANGUAGE_STANDARD = "gnu++14";
				CLANG_CXX_LIBRARY = "libc++";
				CLANG_ENABLE_MODULES = YES;
				CLANG_ENABLE_OBJC_ARC = YES;
				CLANG_ENABLE_OBJC_WEAK = YES;
				CLANG_WARN_BLOCK_CAPTURE_AUTORELEASING = YES;
				CLANG_WARN_BOOL_CONVERSION = YES;
				CLANG_WARN_COMMA = YES;
				CLANG_WARN_CONSTANT_CONVERSION = YES;
				CLANG_WARN_DEPRECATED_OBJC_IMPLEMENTATIONS = YES;
				CLANG_WARN_DIRECT_OBJC_ISA_USAGE = YES_ERROR;
				CLANG_WARN_DOCUMENTATION_COMMENTS = YES;
				CLANG_WARN_EMPTY_BODY = YES;
				CLANG_WARN_ENUM_CONVERSION = YES;
				CLANG_WARN_INFINITE_RECURSION = YES;
				CLANG_WARN_INT_CONVERSION = YES;
				CLANG_WARN_NON_LITERAL_NULL_CONVERSION = YES;
				CLANG_WARN_OBJC_IMPLICIT_RETAIN_SELF = YES;
				CLANG_WARN_OBJC_LITERAL_CONVERSION = YES;
				CLANG_WARN_OBJC_ROOT_CLASS = YES_ERROR;
				CLANG_WARN_RANGE_LOOP_ANALYSIS = YES;
				CLANG_WARN_STRICT_PROTOTYPES = YES;
				CLANG_WARN_SUSPICIOUS_MOVE = YES;
				CLANG_WARN_UNGUARDED_AVAILABILITY = YES_AGGRESSIVE;
				CLANG_WARN_UNREACHABLE_CODE = YES;
				CLANG_WARN__DUPLICATE_METHOD_MATCH = YES;
				COPY_PHASE_STRIP = NO;
				DEBUG_INFORMATION_FORMAT = dwarf;
				ENABLE_STRICT_OBJC_MSGSEND = YES;
				ENABLE_TESTABILITY = YES;
				GCC_C_LANGUAGE_STANDARD = gnu11;
				GCC_DYNAMIC_NO_PIC = NO;
				GCC_NO_COMMON_BLOCKS = YES;
				GCC_OPTIMIZATION_LEVEL = 0;
				GCC_PREPROCESSOR_DEFINITIONS = (
					"DEBUG=1",
					"$(inherited)",
				);
				GCC_WARN_64_TO_32_BIT_CONVERSION = YES;
				GCC_WARN_ABOUT_RETURN_TYPE = YES_ERROR;
				GCC_WARN_UNDECLARED_SELECTOR = YES;
				GCC_WARN_UNINITIALIZED_AUTOS = YES_AGGRESSIVE;
				GCC_WARN_UNUSED_FUNCTION = YES;
				GCC_WARN_UNUSED_VARIABLE = YES;
				IPHONEOS_DEPLOYMENT_TARGET = 13.0;
				MTL_ENABLE_DEBUG_INFO = INCLUDE_SOURCE;
				MTL_FAST_MATH = YES;
				ONLY_ACTIVE_ARCH = YES;
				SDKROOT = iphoneos;
				SWIFT_ACTIVE_COMPILATION_CONDITIONS = DEBUG;
				SWIFT_OPTIMIZATION_LEVEL = "-Onone";
			};
			name = Debug;
		};
		3D5A89AE23C94CB30043DC3A /* Release */ = {
			isa = XCBuildConfiguration;
			buildSettings = {
				ALWAYS_SEARCH_USER_PATHS = NO;
				CLANG_ANALYZER_NONNULL = YES;
				CLANG_ANALYZER_NUMBER_OBJECT_CONVERSION = YES_AGGRESSIVE;
				CLANG_CXX_LANGUAGE_STANDARD = "gnu++14";
				CLANG_CXX_LIBRARY = "libc++";
				CLANG_ENABLE_MODULES = YES;
				CLANG_ENABLE_OBJC_ARC = YES;
				CLANG_ENABLE_OBJC_WEAK = YES;
				CLANG_WARN_BLOCK_CAPTURE_AUTORELEASING = YES;
				CLANG_WARN_BOOL_CONVERSION = YES;
				CLANG_WARN_COMMA = YES;
				CLANG_WARN_CONSTANT_CONVERSION = YES;
				CLANG_WARN_DEPRECATED_OBJC_IMPLEMENTATIONS = YES;
				CLANG_WARN_DIRECT_OBJC_ISA_USAGE = YES_ERROR;
				CLANG_WARN_DOCUMENTATION_COMMENTS = YES;
				CLANG_WARN_EMPTY_BODY = YES;
				CLANG_WARN_ENUM_CONVERSION = YES;
				CLANG_WARN_INFINITE_RECURSION = YES;
				CLANG_WARN_INT_CONVERSION = YES;
				CLANG_WARN_NON_LITERAL_NULL_CONVERSION = YES;
				CLANG_WARN_OBJC_IMPLICIT_RETAIN_SELF = YES;
				CLANG_WARN_OBJC_LITERAL_CONVERSION = YES;
				CLANG_WARN_OBJC_ROOT_CLASS = YES_ERROR;
				CLANG_WARN_RANGE_LOOP_ANALYSIS = YES;
				CLANG_WARN_STRICT_PROTOTYPES = YES;
				CLANG_WARN_SUSPICIOUS_MOVE = YES;
				CLANG_WARN_UNGUARDED_AVAILABILITY = YES_AGGRESSIVE;
				CLANG_WARN_UNREACHABLE_CODE = YES;
				CLANG_WARN__DUPLICATE_METHOD_MATCH = YES;
				COPY_PHASE_STRIP = NO;
				DEBUG_INFORMATION_FORMAT = "dwarf-with-dsym";
				ENABLE_NS_ASSERTIONS = NO;
				ENABLE_STRICT_OBJC_MSGSEND = YES;
				GCC_C_LANGUAGE_STANDARD = gnu11;
				GCC_NO_COMMON_BLOCKS = YES;
				GCC_WARN_64_TO_32_BIT_CONVERSION = YES;
				GCC_WARN_ABOUT_RETURN_TYPE = YES_ERROR;
				GCC_WARN_UNDECLARED_SELECTOR = YES;
				GCC_WARN_UNINITIALIZED_AUTOS = YES_AGGRESSIVE;
				GCC_WARN_UNUSED_FUNCTION = YES;
				GCC_WARN_UNUSED_VARIABLE = YES;
				IPHONEOS_DEPLOYMENT_TARGET = 13.0;
				MTL_ENABLE_DEBUG_INFO = NO;
				MTL_FAST_MATH = YES;
				SDKROOT = iphoneos;
				SWIFT_COMPILATION_MODE = wholemodule;
				SWIFT_OPTIMIZATION_LEVEL = "-O";
				VALIDATE_PRODUCT = YES;
			};
			name = Release;
		};
		3D5A89B023C94CB30043DC3A /* Debug */ = {
			isa = XCBuildConfiguration;
			buildSettings = {
				ASSETCATALOG_COMPILER_APPICON_NAME = AppIcon;
				CODE_SIGN_STYLE = Automatic;
				INFOPLIST_FILE = Todoey/Info.plist;
				LD_RUNPATH_SEARCH_PATHS = (
					"$(inherited)",
					"@executable_path/Frameworks",
				);
				PRODUCT_BUNDLE_IDENTIFIER = BuildiT.Todoey;
				PRODUCT_NAME = "$(TARGET_NAME)";
				SWIFT_VERSION = 5.0;
				TARGETED_DEVICE_FAMILY = "1,2";
			};
			name = Debug;
		};
		3D5A89B123C94CB30043DC3A /* Release */ = {
			isa = XCBuildConfiguration;
			buildSettings = {
				ASSETCATALOG_COMPILER_APPICON_NAME = AppIcon;
				CODE_SIGN_STYLE = Automatic;
				INFOPLIST_FILE = Todoey/Info.plist;
				LD_RUNPATH_SEARCH_PATHS = (
					"$(inherited)",
					"@executable_path/Frameworks",
				);
				PRODUCT_BUNDLE_IDENTIFIER = BuildiT.Todoey;
				PRODUCT_NAME = "$(TARGET_NAME)";
				SWIFT_VERSION = 5.0;
				TARGETED_DEVICE_FAMILY = "1,2";
			};
			name = Release;
		};
		3D5A89B323C94CB30043DC3A /* Debug */ = {
			isa = XCBuildConfiguration;
			buildSettings = {
				ALWAYS_EMBED_SWIFT_STANDARD_LIBRARIES = YES;
				BUNDLE_LOADER = "$(TEST_HOST)";
				CODE_SIGN_STYLE = Automatic;
				INFOPLIST_FILE = TodoeyTests/Info.plist;
				IPHONEOS_DEPLOYMENT_TARGET = 13.0;
				LD_RUNPATH_SEARCH_PATHS = (
					"$(inherited)",
					"@executable_path/Frameworks",
					"@loader_path/Frameworks",
				);
				PRODUCT_BUNDLE_IDENTIFIER = BuildiT.TodoeyTests;
				PRODUCT_NAME = "$(TARGET_NAME)";
				SWIFT_VERSION = 5.0;
				TARGETED_DEVICE_FAMILY = "1,2";
				TEST_HOST = "$(BUILT_PRODUCTS_DIR)/Todoey.app/Todoey";
			};
			name = Debug;
		};
		3D5A89B423C94CB30043DC3A /* Release */ = {
			isa = XCBuildConfiguration;
			buildSettings = {
				ALWAYS_EMBED_SWIFT_STANDARD_LIBRARIES = YES;
				BUNDLE_LOADER = "$(TEST_HOST)";
				CODE_SIGN_STYLE = Automatic;
				INFOPLIST_FILE = TodoeyTests/Info.plist;
				IPHONEOS_DEPLOYMENT_TARGET = 13.0;
				LD_RUNPATH_SEARCH_PATHS = (
					"$(inherited)",
					"@executable_path/Frameworks",
					"@loader_path/Frameworks",
				);
				PRODUCT_BUNDLE_IDENTIFIER = BuildiT.TodoeyTests;
				PRODUCT_NAME = "$(TARGET_NAME)";
				SWIFT_VERSION = 5.0;
				TARGETED_DEVICE_FAMILY = "1,2";
				TEST_HOST = "$(BUILT_PRODUCTS_DIR)/Todoey.app/Todoey";
			};
			name = Release;
		};
		3D5A89B623C94CB30043DC3A /* Debug */ = {
			isa = XCBuildConfiguration;
			buildSettings = {
				ALWAYS_EMBED_SWIFT_STANDARD_LIBRARIES = YES;
				CODE_SIGN_STYLE = Automatic;
				INFOPLIST_FILE = TodoeyUITests/Info.plist;
				LD_RUNPATH_SEARCH_PATHS = (
					"$(inherited)",
					"@executable_path/Frameworks",
					"@loader_path/Frameworks",
				);
				PRODUCT_BUNDLE_IDENTIFIER = BuildiT.TodoeyUITests;
				PRODUCT_NAME = "$(TARGET_NAME)";
				SWIFT_VERSION = 5.0;
				TARGETED_DEVICE_FAMILY = "1,2";
				TEST_TARGET_NAME = Todoey;
			};
			name = Debug;
		};
		3D5A89B723C94CB30043DC3A /* Release */ = {
			isa = XCBuildConfiguration;
			buildSettings = {
				ALWAYS_EMBED_SWIFT_STANDARD_LIBRARIES = YES;
				CODE_SIGN_STYLE = Automatic;
				INFOPLIST_FILE = TodoeyUITests/Info.plist;
				LD_RUNPATH_SEARCH_PATHS = (
					"$(inherited)",
					"@executable_path/Frameworks",
					"@loader_path/Frameworks",
				);
				PRODUCT_BUNDLE_IDENTIFIER = BuildiT.TodoeyUITests;
				PRODUCT_NAME = "$(TARGET_NAME)";
				SWIFT_VERSION = 5.0;
				TARGETED_DEVICE_FAMILY = "1,2";
				TEST_TARGET_NAME = Todoey;
			};
			name = Release;
		};
/* End XCBuildConfiguration section */

/* Begin XCConfigurationList section */
		3D5A898023C94CB10043DC3A /* Build configuration list for PBXProject "Todoey" */ = {
			isa = XCConfigurationList;
			buildConfigurations = (
				3D5A89AD23C94CB30043DC3A /* Debug */,
				3D5A89AE23C94CB30043DC3A /* Release */,
			);
			defaultConfigurationIsVisible = 0;
			defaultConfigurationName = Release;
		};
		3D5A89AF23C94CB30043DC3A /* Build configuration list for PBXNativeTarget "Todoey" */ = {
			isa = XCConfigurationList;
			buildConfigurations = (
				3D5A89B023C94CB30043DC3A /* Debug */,
				3D5A89B123C94CB30043DC3A /* Release */,
			);
			defaultConfigurationIsVisible = 0;
			defaultConfigurationName = Release;
		};
		3D5A89B223C94CB30043DC3A /* Build configuration list for PBXNativeTarget "TodoeyTests" */ = {
			isa = XCConfigurationList;
			buildConfigurations = (
				3D5A89B323C94CB30043DC3A /* Debug */,
				3D5A89B423C94CB30043DC3A /* Release */,
			);
			defaultConfigurationIsVisible = 0;
			defaultConfigurationName = Release;
		};
		3D5A89B523C94CB30043DC3A /* Build configuration list for PBXNativeTarget "TodoeyUITests" */ = {
			isa = XCConfigurationList;
			buildConfigurations = (
				3D5A89B623C94CB30043DC3A /* Debug */,
				3D5A89B723C94CB30043DC3A /* Release */,
			);
			defaultConfigurationIsVisible = 0;
			defaultConfigurationName = Release;
		};
/* End XCConfigurationList section */
	};
	rootObject = 3D5A897D23C94CB10043DC3A /* Project object */;
}
